// !$*UTF8*$!
{
	archiveVersion = 1;
	classes = {
	};
	objectVersion = 56;
	objects = {

/* Begin PBXBuildFile section */
		666185542A2E78D200AEF3C1 /* animationMalownApp.swift in Sources */ = {isa = PBXBuildFile; fileRef = 666185532A2E78D200AEF3C1 /* animationMalownApp.swift */; };
		666185562A2E78D200AEF3C1 /* ContentView.swift in Sources */ = {isa = PBXBuildFile; fileRef = 666185552A2E78D200AEF3C1 /* ContentView.swift */; };
		666185582A2E78D300AEF3C1 /* Assets.xcassets in Resources */ = {isa = PBXBuildFile; fileRef = 666185572A2E78D300AEF3C1 /* Assets.xcassets */; };
		6661855B2A2E78D300AEF3C1 /* Preview Assets.xcassets in Resources */ = {isa = PBXBuildFile; fileRef = 6661855A2A2E78D300AEF3C1 /* Preview Assets.xcassets */; };
		666185652A2E78D300AEF3C1 /* animationMalownTests.swift in Sources */ = {isa = PBXBuildFile; fileRef = 666185642A2E78D300AEF3C1 /* animationMalownTests.swift */; };
		6661856F2A2E78D300AEF3C1 /* animationMalownUITests.swift in Sources */ = {isa = PBXBuildFile; fileRef = 6661856E2A2E78D300AEF3C1 /* animationMalownUITests.swift */; };
		666185712A2E78D300AEF3C1 /* animationMalownUITestsLaunchTests.swift in Sources */ = {isa = PBXBuildFile; fileRef = 666185702A2E78D300AEF3C1 /* animationMalownUITestsLaunchTests.swift */; };
		6661857E2A2E7C1600AEF3C1 /* Colors.swift in Sources */ = {isa = PBXBuildFile; fileRef = 6661857D2A2E7C1600AEF3C1 /* Colors.swift */; };
/* End PBXBuildFile section */

/* Begin PBXContainerItemProxy section */
		666185612A2E78D300AEF3C1 /* PBXContainerItemProxy */ = {
			isa = PBXContainerItemProxy;
			containerPortal = 666185482A2E78D200AEF3C1 /* Project object */;
			proxyType = 1;
			remoteGlobalIDString = 6661854F2A2E78D200AEF3C1;
			remoteInfo = animationMalown;
		};
		6661856B2A2E78D300AEF3C1 /* PBXContainerItemProxy */ = {
			isa = PBXContainerItemProxy;
			containerPortal = 666185482A2E78D200AEF3C1 /* Project object */;
			proxyType = 1;
			remoteGlobalIDString = 6661854F2A2E78D200AEF3C1;
			remoteInfo = animationMalown;
		};
/* End PBXContainerItemProxy section */

/* Begin PBXFileReference section */
		666185502A2E78D200AEF3C1 /* animationMalown.app */ = {isa = PBXFileReference; explicitFileType = wrapper.application; includeInIndex = 0; path = animationMalown.app; sourceTree = BUILT_PRODUCTS_DIR; };
		666185532A2E78D200AEF3C1 /* animationMalownApp.swift */ = {isa = PBXFileReference; lastKnownFileType = sourcecode.swift; path = animationMalownApp.swift; sourceTree = "<group>"; };
		666185552A2E78D200AEF3C1 /* ContentView.swift */ = {isa = PBXFileReference; lastKnownFileType = sourcecode.swift; path = ContentView.swift; sourceTree = "<group>"; };
		666185572A2E78D300AEF3C1 /* Assets.xcassets */ = {isa = PBXFileReference; lastKnownFileType = folder.assetcatalog; path = Assets.xcassets; sourceTree = "<group>"; };
		6661855A2A2E78D300AEF3C1 /* Preview Assets.xcassets */ = {isa = PBXFileReference; lastKnownFileType = folder.assetcatalog; path = "Preview Assets.xcassets"; sourceTree = "<group>"; };
		666185602A2E78D300AEF3C1 /* animationMalownTests.xctest */ = {isa = PBXFileReference; explicitFileType = wrapper.cfbundle; includeInIndex = 0; path = animationMalownTests.xctest; sourceTree = BUILT_PRODUCTS_DIR; };
		666185642A2E78D300AEF3C1 /* animationMalownTests.swift */ = {isa = PBXFileReference; lastKnownFileType = sourcecode.swift; path = animationMalownTests.swift; sourceTree = "<group>"; };
		6661856A2A2E78D300AEF3C1 /* animationMalownUITests.xctest */ = {isa = PBXFileReference; explicitFileType = wrapper.cfbundle; includeInIndex = 0; path = animationMalownUITests.xctest; sourceTree = BUILT_PRODUCTS_DIR; };
		6661856E2A2E78D300AEF3C1 /* animationMalownUITests.swift */ = {isa = PBXFileReference; lastKnownFileType = sourcecode.swift; path = animationMalownUITests.swift; sourceTree = "<group>"; };
		666185702A2E78D300AEF3C1 /* animationMalownUITestsLaunchTests.swift */ = {isa = PBXFileReference; lastKnownFileType = sourcecode.swift; path = animationMalownUITestsLaunchTests.swift; sourceTree = "<group>"; };
		6661857D2A2E7C1600AEF3C1 /* Colors.swift */ = {isa = PBXFileReference; lastKnownFileType = sourcecode.swift; path = Colors.swift; sourceTree = "<group>"; };
/* End PBXFileReference section */

/* Begin PBXFrameworksBuildPhase section */
		6661854D2A2E78D200AEF3C1 /* Frameworks */ = {
			isa = PBXFrameworksBuildPhase;
			buildActionMask = 2147483647;
			files = (
			);
			runOnlyForDeploymentPostprocessing = 0;
		};
		6661855D2A2E78D300AEF3C1 /* Frameworks */ = {
			isa = PBXFrameworksBuildPhase;
			buildActionMask = 2147483647;
			files = (
			);
			runOnlyForDeploymentPostprocessing = 0;
		};
		666185672A2E78D300AEF3C1 /* Frameworks */ = {
			isa = PBXFrameworksBuildPhase;
			buildActionMask = 2147483647;
			files = (
			);
			runOnlyForDeploymentPostprocessing = 0;
		};
/* End PBXFrameworksBuildPhase section */

/* Begin PBXGroup section */
		666185472A2E78D200AEF3C1 = {
			isa = PBXGroup;
			children = (
				666185522A2E78D200AEF3C1 /* animationMalown */,
				666185632A2E78D300AEF3C1 /* animationMalownTests */,
				6661856D2A2E78D300AEF3C1 /* animationMalownUITests */,
				666185512A2E78D200AEF3C1 /* Products */,
			);
			sourceTree = "<group>";
		};
		666185512A2E78D200AEF3C1 /* Products */ = {
			isa = PBXGroup;
			children = (
				666185502A2E78D200AEF3C1 /* animationMalown.app */,
				666185602A2E78D300AEF3C1 /* animationMalownTests.xctest */,
				6661856A2A2E78D300AEF3C1 /* animationMalownUITests.xctest */,
			);
			name = Products;
			sourceTree = "<group>";
		};
		666185522A2E78D200AEF3C1 /* animationMalown */ = {
			isa = PBXGroup;
			children = (
				666185532A2E78D200AEF3C1 /* animationMalownApp.swift */,
				666185552A2E78D200AEF3C1 /* ContentView.swift */,
				6661857D2A2E7C1600AEF3C1 /* Colors.swift */,
				666185572A2E78D300AEF3C1 /* Assets.xcassets */,
				666185592A2E78D300AEF3C1 /* Preview Content */,
			);
			path = animationMalown;
			sourceTree = "<group>";
		};
		666185592A2E78D300AEF3C1 /* Preview Content */ = {
			isa = PBXGroup;
			children = (
				6661855A2A2E78D300AEF3C1 /* Preview Assets.xcassets */,
			);
			path = "Preview Content";
			sourceTree = "<group>";
		};
		666185632A2E78D300AEF3C1 /* animationMalownTests */ = {
			isa = PBXGroup;
			children = (
				666185642A2E78D300AEF3C1 /* animationMalownTests.swift */,
			);
			path = animationMalownTests;
			sourceTree = "<group>";
		};
		6661856D2A2E78D300AEF3C1 /* animationMalownUITests */ = {
			isa = PBXGroup;
			children = (
				6661856E2A2E78D300AEF3C1 /* animationMalownUITests.swift */,
				666185702A2E78D300AEF3C1 /* animationMalownUITestsLaunchTests.swift */,
			);
			path = animationMalownUITests;
			sourceTree = "<group>";
		};
/* End PBXGroup section */

/* Begin PBXNativeTarget section */
		6661854F2A2E78D200AEF3C1 /* animationMalown */ = {
			isa = PBXNativeTarget;
			buildConfigurationList = 666185742A2E78D300AEF3C1 /* Build configuration list for PBXNativeTarget "animationMalown" */;
			buildPhases = (
				6661854C2A2E78D200AEF3C1 /* Sources */,
				6661854D2A2E78D200AEF3C1 /* Frameworks */,
				6661854E2A2E78D200AEF3C1 /* Resources */,
			);
			buildRules = (
			);
			dependencies = (
			);
			name = animationMalown;
			productName = animationMalown;
			productReference = 666185502A2E78D200AEF3C1 /* animationMalown.app */;
			productType = "com.apple.product-type.application";
		};
		6661855F2A2E78D300AEF3C1 /* animationMalownTests */ = {
			isa = PBXNativeTarget;
			buildConfigurationList = 666185772A2E78D300AEF3C1 /* Build configuration list for PBXNativeTarget "animationMalownTests" */;
			buildPhases = (
				6661855C2A2E78D300AEF3C1 /* Sources */,
				6661855D2A2E78D300AEF3C1 /* Frameworks */,
				6661855E2A2E78D300AEF3C1 /* Resources */,
			);
			buildRules = (
			);
			dependencies = (
				666185622A2E78D300AEF3C1 /* PBXTargetDependency */,
			);
			name = animationMalownTests;
			productName = animationMalownTests;
			productReference = 666185602A2E78D300AEF3C1 /* animationMalownTests.xctest */;
			productType = "com.apple.product-type.bundle.unit-test";
		};
		666185692A2E78D300AEF3C1 /* animationMalownUITests */ = {
			isa = PBXNativeTarget;
			buildConfigurationList = 6661857A2A2E78D300AEF3C1 /* Build configuration list for PBXNativeTarget "animationMalownUITests" */;
			buildPhases = (
				666185662A2E78D300AEF3C1 /* Sources */,
				666185672A2E78D300AEF3C1 /* Frameworks */,
				666185682A2E78D300AEF3C1 /* Resources */,
			);
			buildRules = (
			);
			dependencies = (
				6661856C2A2E78D300AEF3C1 /* PBXTargetDependency */,
			);
			name = animationMalownUITests;
			productName = animationMalownUITests;
			productReference = 6661856A2A2E78D300AEF3C1 /* animationMalownUITests.xctest */;
			productType = "com.apple.product-type.bundle.ui-testing";
		};
/* End PBXNativeTarget section */

/* Begin PBXProject section */
		666185482A2E78D200AEF3C1 /* Project object */ = {
			isa = PBXProject;
			attributes = {
				BuildIndependentTargetsInParallel = 1;
				LastSwiftUpdateCheck = 1420;
				LastUpgradeCheck = 1420;
				TargetAttributes = {
					6661854F2A2E78D200AEF3C1 = {
						CreatedOnToolsVersion = 14.2;
					};
					6661855F2A2E78D300AEF3C1 = {
						CreatedOnToolsVersion = 14.2;
						TestTargetID = 6661854F2A2E78D200AEF3C1;
					};
					666185692A2E78D300AEF3C1 = {
						CreatedOnToolsVersion = 14.2;
						TestTargetID = 6661854F2A2E78D200AEF3C1;
					};
				};
			};
			buildConfigurationList = 6661854B2A2E78D200AEF3C1 /* Build configuration list for PBXProject "animationMalown" */;
			compatibilityVersion = "Xcode 14.0";
			developmentRegion = en;
			hasScannedForEncodings = 0;
			knownRegions = (
				en,
				Base,
			);
			mainGroup = 666185472A2E78D200AEF3C1;
			productRefGroup = 666185512A2E78D200AEF3C1 /* Products */;
			projectDirPath = "";
			projectRoot = "";
			targets = (
				6661854F2A2E78D200AEF3C1 /* animationMalown */,
				6661855F2A2E78D300AEF3C1 /* animationMalownTests */,
				666185692A2E78D300AEF3C1 /* animationMalownUITests */,
			);
		};
/* End PBXProject section */

/* Begin PBXResourcesBuildPhase section */
		6661854E2A2E78D200AEF3C1 /* Resources */ = {
			isa = PBXResourcesBuildPhase;
			buildActionMask = 2147483647;
			files = (
				6661855B2A2E78D300AEF3C1 /* Preview Assets.xcassets in Resources */,
				666185582A2E78D300AEF3C1 /* Assets.xcassets in Resources */,
			);
			runOnlyForDeploymentPostprocessing = 0;
		};
		6661855E2A2E78D300AEF3C1 /* Resources */ = {
			isa = PBXResourcesBuildPhase;
			buildActionMask = 2147483647;
			files = (
			);
			runOnlyForDeploymentPostprocessing = 0;
		};
		666185682A2E78D300AEF3C1 /* Resources */ = {
			isa = PBXResourcesBuildPhase;
			buildActionMask = 2147483647;
			files = (
			);
			runOnlyForDeploymentPostprocessing = 0;
		};
/* End PBXResourcesBuildPhase section */

/* Begin PBXSourcesBuildPhase section */
		6661854C2A2E78D200AEF3C1 /* Sources */ = {
			isa = PBXSourcesBuildPhase;
			buildActionMask = 2147483647;
			files = (
				666185562A2E78D200AEF3C1 /* ContentView.swift in Sources */,
				6661857E2A2E7C1600AEF3C1 /* Colors.swift in Sources */,
				666185542A2E78D200AEF3C1 /* animationMalownApp.swift in Sources */,
			);
			runOnlyForDeploymentPostprocessing = 0;
		};
		6661855C2A2E78D300AEF3C1 /* Sources */ = {
			isa = PBXSourcesBuildPhase;
			buildActionMask = 2147483647;
			files = (
				666185652A2E78D300AEF3C1 /* animationMalownTests.swift in Sources */,
			);
			runOnlyForDeploymentPostprocessing = 0;
		};
		666185662A2E78D300AEF3C1 /* Sources */ = {
			isa = PBXSourcesBuildPhase;
			buildActionMask = 2147483647;
			files = (
				6661856F2A2E78D300AEF3C1 /* animationMalownUITests.swift in Sources */,
				666185712A2E78D300AEF3C1 /* animationMalownUITestsLaunchTests.swift in Sources */,
			);
			runOnlyForDeploymentPostprocessing = 0;
		};
/* End PBXSourcesBuildPhase section */

/* Begin PBXTargetDependency section */
		666185622A2E78D300AEF3C1 /* PBXTargetDependency */ = {
			isa = PBXTargetDependency;
			target = 6661854F2A2E78D200AEF3C1 /* animationMalown */;
			targetProxy = 666185612A2E78D300AEF3C1 /* PBXContainerItemProxy */;
		};
		6661856C2A2E78D300AEF3C1 /* PBXTargetDependency */ = {
			isa = PBXTargetDependency;
			target = 6661854F2A2E78D200AEF3C1 /* animationMalown */;
			targetProxy = 6661856B2A2E78D300AEF3C1 /* PBXContainerItemProxy */;
		};
/* End PBXTargetDependency section */

/* Begin XCBuildConfiguration section */
		666185722A2E78D300AEF3C1 /* Debug */ = {
			isa = XCBuildConfiguration;
			buildSettings = {
				ALWAYS_SEARCH_USER_PATHS = NO;
				CLANG_ANALYZER_NONNULL = YES;
				CLANG_ANALYZER_NUMBER_OBJECT_CONVERSION = YES_AGGRESSIVE;
				CLANG_CXX_LANGUAGE_STANDARD = "gnu++20";
				CLANG_ENABLE_MODULES = YES;
				CLANG_ENABLE_OBJC_ARC = YES;
				CLANG_ENABLE_OBJC_WEAK = YES;
				CLANG_WARN_BLOCK_CAPTURE_AUTORELEASING = YES;
				CLANG_WARN_BOOL_CONVERSION = YES;
				CLANG_WARN_COMMA = YES;
				CLANG_WARN_CONSTANT_CONVERSION = YES;
				CLANG_WARN_DEPRECATED_OBJC_IMPLEMENTATIONS = YES;
				CLANG_WARN_DIRECT_OBJC_ISA_USAGE = YES_ERROR;
				CLANG_WARN_DOCUMENTATION_COMMENTS = YES;
				CLANG_WARN_EMPTY_BODY = YES;
				CLANG_WARN_ENUM_CONVERSION = YES;
				CLANG_WARN_INFINITE_RECURSION = YES;
				CLANG_WARN_INT_CONVERSION = YES;
				CLANG_WARN_NON_LITERAL_NULL_CONVERSION = YES;
				CLANG_WARN_OBJC_IMPLICIT_RETAIN_SELF = YES;
				CLANG_WARN_OBJC_LITERAL_CONVERSION = YES;
				CLANG_WARN_OBJC_ROOT_CLASS = YES_ERROR;
				CLANG_WARN_QUOTED_INCLUDE_IN_FRAMEWORK_HEADER = YES;
				CLANG_WARN_RANGE_LOOP_ANALYSIS = YES;
				CLANG_WARN_STRICT_PROTOTYPES = YES;
				CLANG_WARN_SUSPICIOUS_MOVE = YES;
				CLANG_WARN_UNGUARDED_AVAILABILITY = YES_AGGRESSIVE;
				CLANG_WARN_UNREACHABLE_CODE = YES;
				CLANG_WARN__DUPLICATE_METHOD_MATCH = YES;
				COPY_PHASE_STRIP = NO;
				DEBUG_INFORMATION_FORMAT = dwarf;
				ENABLE_STRICT_OBJC_MSGSEND = YES;
				ENABLE_TESTABILITY = YES;
				GCC_C_LANGUAGE_STANDARD = gnu11;
				GCC_DYNAMIC_NO_PIC = NO;
				GCC_NO_COMMON_BLOCKS = YES;
				GCC_OPTIMIZATION_LEVEL = 0;
				GCC_PREPROCESSOR_DEFINITIONS = (
					"DEBUG=1",
					"$(inherited)",
				);
				GCC_WARN_64_TO_32_BIT_CONVERSION = YES;
				GCC_WARN_ABOUT_RETURN_TYPE = YES_ERROR;
				GCC_WARN_UNDECLARED_SELECTOR = YES;
				GCC_WARN_UNINITIALIZED_AUTOS = YES_AGGRESSIVE;
				GCC_WARN_UNUSED_FUNCTION = YES;
				GCC_WARN_UNUSED_VARIABLE = YES;
				IPHONEOS_DEPLOYMENT_TARGET = 16.2;
				MTL_ENABLE_DEBUG_INFO = INCLUDE_SOURCE;
				MTL_FAST_MATH = YES;
				ONLY_ACTIVE_ARCH = YES;
				SDKROOT = iphoneos;
				SWIFT_ACTIVE_COMPILATION_CONDITIONS = DEBUG;
				SWIFT_OPTIMIZATION_LEVEL = "-Onone";
			};
			name = Debug;
		};
		666185732A2E78D300AEF3C1 /* Release */ = {
			isa = XCBuildConfiguration;
			buildSettings = {
				ALWAYS_SEARCH_USER_PATHS = NO;
				CLANG_ANALYZER_NONNULL = YES;
				CLANG_ANALYZER_NUMBER_OBJECT_CONVERSION = YES_AGGRESSIVE;
				CLANG_CXX_LANGUAGE_STANDARD = "gnu++20";
				CLANG_ENABLE_MODULES = YES;
				CLANG_ENABLE_OBJC_ARC = YES;
				CLANG_ENABLE_OBJC_WEAK = YES;
				CLANG_WARN_BLOCK_CAPTURE_AUTORELEASING = YES;
				CLANG_WARN_BOOL_CONVERSION = YES;
				CLANG_WARN_COMMA = YES;
				CLANG_WARN_CONSTANT_CONVERSION = YES;
				CLANG_WARN_DEPRECATED_OBJC_IMPLEMENTATIONS = YES;
				CLANG_WARN_DIRECT_OBJC_ISA_USAGE = YES_ERROR;
				CLANG_WARN_DOCUMENTATION_COMMENTS = YES;
				CLANG_WARN_EMPTY_BODY = YES;
				CLANG_WARN_ENUM_CONVERSION = YES;
				CLANG_WARN_INFINITE_RECURSION = YES;
				CLANG_WARN_INT_CONVERSION = YES;
				CLANG_WARN_NON_LITERAL_NULL_CONVERSION = YES;
				CLANG_WARN_OBJC_IMPLICIT_RETAIN_SELF = YES;
				CLANG_WARN_OBJC_LITERAL_CONVERSION = YES;
				CLANG_WARN_OBJC_ROOT_CLASS = YES_ERROR;
				CLANG_WARN_QUOTED_INCLUDE_IN_FRAMEWORK_HEADER = YES;
				CLANG_WARN_RANGE_LOOP_ANALYSIS = YES;
				CLANG_WARN_STRICT_PROTOTYPES = YES;
				CLANG_WARN_SUSPICIOUS_MOVE = YES;
				CLANG_WARN_UNGUARDED_AVAILABILITY = YES_AGGRESSIVE;
				CLANG_WARN_UNREACHABLE_CODE = YES;
				CLANG_WARN__DUPLICATE_METHOD_MATCH = YES;
				COPY_PHASE_STRIP = NO;
				DEBUG_INFORMATION_FORMAT = "dwarf-with-dsym";
				ENABLE_NS_ASSERTIONS = NO;
				ENABLE_STRICT_OBJC_MSGSEND = YES;
				GCC_C_LANGUAGE_STANDARD = gnu11;
				GCC_NO_COMMON_BLOCKS = YES;
				GCC_WARN_64_TO_32_BIT_CONVERSION = YES;
				GCC_WARN_ABOUT_RETURN_TYPE = YES_ERROR;
				GCC_WARN_UNDECLARED_SELECTOR = YES;
				GCC_WARN_UNINITIALIZED_AUTOS = YES_AGGRESSIVE;
				GCC_WARN_UNUSED_FUNCTION = YES;
				GCC_WARN_UNUSED_VARIABLE = YES;
				IPHONEOS_DEPLOYMENT_TARGET = 16.2;
				MTL_ENABLE_DEBUG_INFO = NO;
				MTL_FAST_MATH = YES;
				SDKROOT = iphoneos;
				SWIFT_COMPILATION_MODE = wholemodule;
				SWIFT_OPTIMIZATION_LEVEL = "-O";
				VALIDATE_PRODUCT = YES;
			};
			name = Release;
		};
		666185752A2E78D300AEF3C1 /* Debug */ = {
			isa = XCBuildConfiguration;
			buildSettings = {
				ASSETCATALOG_COMPILER_APPICON_NAME = AppIcon;
				ASSETCATALOG_COMPILER_GLOBAL_ACCENT_COLOR_NAME = AccentColor;
				CODE_SIGN_STYLE = Automatic;
				CURRENT_PROJECT_VERSION = 1;
				DEVELOPMENT_ASSET_PATHS = "\"animationMalown/Preview Content\"";
				DEVELOPMENT_TEAM = W7QT2TK8Q3;
				ENABLE_PREVIEWS = YES;
				GENERATE_INFOPLIST_FILE = YES;
				INFOPLIST_KEY_UIApplicationSceneManifest_Generation = YES;
				INFOPLIST_KEY_UIApplicationSupportsIndirectInputEvents = YES;
				INFOPLIST_KEY_UILaunchScreen_Generation = YES;
				INFOPLIST_KEY_UISupportedInterfaceOrientations_iPad = "UIInterfaceOrientationPortrait UIInterfaceOrientationPortraitUpsideDown UIInterfaceOrientationLandscapeLeft UIInterfaceOrientationLandscapeRight";
				INFOPLIST_KEY_UISupportedInterfaceOrientations_iPhone = "UIInterfaceOrientationPortrait UIInterfaceOrientationLandscapeLeft UIInterfaceOrientationLandscapeRight";
				LD_RUNPATH_SEARCH_PATHS = (
					"$(inherited)",
					"@executable_path/Frameworks",
				);
				MARKETING_VERSION = 1.0;
				PRODUCT_BUNDLE_IDENTIFIER = IBM.animationMalown;
				PRODUCT_NAME = "$(TARGET_NAME)";
				SWIFT_EMIT_LOC_STRINGS = YES;
				SWIFT_VERSION = 5.0;
				TARGETED_DEVICE_FAMILY = "1,2";
			};
			name = Debug;
		};
		666185762A2E78D300AEF3C1 /* Release */ = {
			isa = XCBuildConfiguration;
			buildSettings = {
				ASSETCATALOG_COMPILER_APPICON_NAME = AppIcon;
				ASSETCATALOG_COMPILER_GLOBAL_ACCENT_COLOR_NAME = AccentColor;
				CODE_SIGN_STYLE = Automatic;
				CURRENT_PROJECT_VERSION = 1;
				DEVELOPMENT_ASSET_PATHS = "\"animationMalown/Preview Content\"";
				DEVELOPMENT_TEAM = W7QT2TK8Q3;
				ENABLE_PREVIEWS = YES;
				GENERATE_INFOPLIST_FILE = YES;
				INFOPLIST_KEY_UIApplicationSceneManifest_Generation = YES;
				INFOPLIST_KEY_UIApplicationSupportsIndirectInputEvents = YES;
				INFOPLIST_KEY_UILaunchScreen_Generation = YES;
				INFOPLIST_KEY_UISupportedInterfaceOrientations_iPad = "UIInterfaceOrientationPortrait UIInterfaceOrientationPortraitUpsideDown UIInterfaceOrientationLandscapeLeft UIInterfaceOrientationLandscapeRight";
				INFOPLIST_KEY_UISupportedInterfaceOrientations_iPhone = "UIInterfaceOrientationPortrait UIInterfaceOrientationLandscapeLeft UIInterfaceOrientationLandscapeRight";
				LD_RUNPATH_SEARCH_PATHS = (
					"$(inherited)",
					"@executable_path/Frameworks",
				);
				MARKETING_VERSION = 1.0;
				PRODUCT_BUNDLE_IDENTIFIER = IBM.animationMalown;
				PRODUCT_NAME = "$(TARGET_NAME)";
				SWIFT_EMIT_LOC_STRINGS = YES;
				SWIFT_VERSION = 5.0;
				TARGETED_DEVICE_FAMILY = "1,2";
			};
			name = Release;
		};
		666185782A2E78D300AEF3C1 /* Debug */ = {
			isa = XCBuildConfiguration;
			buildSettings = {
				ALWAYS_EMBED_SWIFT_STANDARD_LIBRARIES = YES;
				BUNDLE_LOADER = "$(TEST_HOST)";
				CODE_SIGN_STYLE = Automatic;
				CURRENT_PROJECT_VERSION = 1;
				DEVELOPMENT_TEAM = W7QT2TK8Q3;
				GENERATE_INFOPLIST_FILE = YES;
				IPHONEOS_DEPLOYMENT_TARGET = 16.2;
				MARKETING_VERSION = 1.0;
				PRODUCT_BUNDLE_IDENTIFIER = IBM.animationMalownTests;
				PRODUCT_NAME = "$(TARGET_NAME)";
				SWIFT_EMIT_LOC_STRINGS = NO;
				SWIFT_VERSION = 5.0;
				TARGETED_DEVICE_FAMILY = "1,2";
				TEST_HOST = "$(BUILT_PRODUCTS_DIR)/animationMalown.app/$(BUNDLE_EXECUTABLE_FOLDER_PATH)/animationMalown";
			};
			name = Debug;
		};
		666185792A2E78D300AEF3C1 /* Release */ = {
			isa = XCBuildConfiguration;
			buildSettings = {
				ALWAYS_EMBED_SWIFT_STANDARD_LIBRARIES = YES;
				BUNDLE_LOADER = "$(TEST_HOST)";
				CODE_SIGN_STYLE = Automatic;
				CURRENT_PROJECT_VERSION = 1;
				DEVELOPMENT_TEAM = W7QT2TK8Q3;
				GENERATE_INFOPLIST_FILE = YES;
				IPHONEOS_DEPLOYMENT_TARGET = 16.2;
				MARKETING_VERSION = 1.0;
				PRODUCT_BUNDLE_IDENTIFIER = IBM.animationMalownTests;
				PRODUCT_NAME = "$(TARGET_NAME)";
				SWIFT_EMIT_LOC_STRINGS = NO;
				SWIFT_VERSION = 5.0;
				TARGETED_DEVICE_FAMILY = "1,2";
				TEST_HOST = "$(BUILT_PRODUCTS_DIR)/animationMalown.app/$(BUNDLE_EXECUTABLE_FOLDER_PATH)/animationMalown";
			};
			name = Release;
		};
		6661857B2A2E78D300AEF3C1 /* Debug */ = {
			isa = XCBuildConfiguration;
			buildSettings = {
				ALWAYS_EMBED_SWIFT_STANDARD_LIBRARIES = YES;
				CODE_SIGN_STYLE = Automatic;
				CURRENT_PROJECT_VERSION = 1;
				DEVELOPMENT_TEAM = W7QT2TK8Q3;
				GENERATE_INFOPLIST_FILE = YES;
				MARKETING_VERSION = 1.0;
				PRODUCT_BUNDLE_IDENTIFIER = IBM.animationMalownUITests;
				PRODUCT_NAME = "$(TARGET_NAME)";
				SWIFT_EMIT_LOC_STRINGS = NO;
				SWIFT_VERSION = 5.0;
				TARGETED_DEVICE_FAMILY = "1,2";
				TEST_TARGET_NAME = animationMalown;
			};
			name = Debug;
		};
		6661857C2A2E78D300AEF3C1 /* Release */ = {
			isa = XCBuildConfiguration;
			buildSettings = {
				ALWAYS_EMBED_SWIFT_STANDARD_LIBRARIES = YES;
				CODE_SIGN_STYLE = Automatic;
				CURRENT_PROJECT_VERSION = 1;
				DEVELOPMENT_TEAM = W7QT2TK8Q3;
				GENERATE_INFOPLIST_FILE = YES;
				MARKETING_VERSION = 1.0;
				PRODUCT_BUNDLE_IDENTIFIER = IBM.animationMalownUITests;
				PRODUCT_NAME = "$(TARGET_NAME)";
				SWIFT_EMIT_LOC_STRINGS = NO;
				SWIFT_VERSION = 5.0;
				TARGETED_DEVICE_FAMILY = "1,2";
				TEST_TARGET_NAME = animationMalown;
			};
			name = Release;
		};
/* End XCBuildConfiguration section */

/* Begin XCConfigurationList section */
		6661854B2A2E78D200AEF3C1 /* Build configuration list for PBXProject "animationMalown" */ = {
			isa = XCConfigurationList;
			buildConfigurations = (
				666185722A2E78D300AEF3C1 /* Debug */,
				666185732A2E78D300AEF3C1 /* Release */,
			);
			defaultConfigurationIsVisible = 0;
			defaultConfigurationName = Release;
		};
		666185742A2E78D300AEF3C1 /* Build configuration list for PBXNativeTarget "animationMalown" */ = {
			isa = XCConfigurationList;
			buildConfigurations = (
				666185752A2E78D300AEF3C1 /* Debug */,
				666185762A2E78D300AEF3C1 /* Release */,
			);
			defaultConfigurationIsVisible = 0;
			defaultConfigurationName = Release;
		};
		666185772A2E78D300AEF3C1 /* Build configuration list for PBXNativeTarget "animationMalownTests" */ = {
			isa = XCConfigurationList;
			buildConfigurations = (
				666185782A2E78D300AEF3C1 /* Debug */,
				666185792A2E78D300AEF3C1 /* Release */,
			);
			defaultConfigurationIsVisible = 0;
			defaultConfigurationName = Release;
		};
		6661857A2A2E78D300AEF3C1 /* Build configuration list for PBXNativeTarget "animationMalownUITests" */ = {
			isa = XCConfigurationList;
			buildConfigurations = (
				6661857B2A2E78D300AEF3C1 /* Debug */,
				6661857C2A2E78D300AEF3C1 /* Release */,
			);
			defaultConfigurationIsVisible = 0;
			defaultConfigurationName = Release;
		};
/* End XCConfigurationList section */
	};
	rootObject = 666185482A2E78D200AEF3C1 /* Project object */;
}
